{
    "_meta": {
        "hash": {
            "sha256": "8cf2ffe66b81647aa8e85c7e2b18dd2245a065526a504f841656d194ca51d853"
        },
        "pipfile-spec": 6,
        "requires": {
            "python_version": "3.9"
        },
        "sources": [
            {
                "name": "pypi",
                "url": "https://pypi.org/simple",
                "verify_ssl": true
            }
        ]
    },
    "default": {},
    "develop": {
        "configobj": {
            "hashes": [
                "sha256:03c881bbf23aa07bccf1b837005975993c4ab4427ba57f959afdd9d1a2386848",
                "sha256:1ba10c5b6ee16229c79a05047aeda2b55eb4e80d7c7d8ecf17ec1ca600c79882"
            ],
            "index": "pypi",
            "markers": "python_version >= '3.7'",
            "version": "==5.0.9"
        },
        "ct3": {
            "hashes": [
                "sha256:04056f9e2498164ec8fc567b6c91850987daa8a586f6846600c2182eef4e3f8a",
                "sha256:086f74ebd23298383af5d60ec7fc209bdc566a546524cc5435aa99feccaba0bf",
                "sha256:0bc637e01d5a36cbd4c734d556cf6e1379358117e71f6fc7861c3a22fbe65f96",
                "sha256:154331b062a786bf46840c189828cbe2ed7f6c4f3bf1ca68a0204792b04bc963",
                "sha256:1d174196e76d30cfe4d6ddcbbfe3891c82f68bf06cb764f05bfae47e4692f97c",
                "sha256:1f4c61beacbd473da964d672ef555378874eb7b6bf81c32b507742c931289baf",
                "sha256:279975359843d965d9f7ee61289c125baa8c4febf729b580e77ec0f35bb6b15c",
                "sha256:2f6ca88c4c45155b75383a36bf4e502959d175285d8f510a4593887a2b7a3b59",
                "sha256:304fc55eece64152024d4605299dd480baf8be24f17a2c2973473915eb5e395c",
                "sha256:488a639d10f3f3d62c98153f1ac7484dc7f5e364a2bc07dbb27ffc4693199b7d",
                "sha256:4d510cc795bbb8f4981ce286bca9c7409d742cffc42c713e168e4e95a198b83c",
                "sha256:4fbb0d74f514e1a744c8a752c70f317b2413470ad04314926894fcb33f6607f6",
                "sha256:5c172a254e4b35d67cd344e091576c96592f660171d1222ce9074f2fee6476a2",
                "sha256:65776759d9021c50943cf8ac524ddc029247ec10b7b01e303b8b80ca8f58b9be",
                "sha256:6f81ab7393005d0722b79c221433b4291154ce86f14129dac90e421db8d87a96",
                "sha256:7637b3e1c40c25424ce41f4f64782ebb3610258e03e8e1bb2fd12c0fb575dce1",
                "sha256:8c2e832777ee313489ff13107d99ce5ce14a403fbc2020bd51306d2c02a25855",
                "sha256:962d3ed8bb1cca00d2d7901737418b9a25019dfc44584baa83eba15778383541",
                "sha256:98a57fed5ab4cc45a017e3c777494acf93dad5ce0166653d41bf9a80ffe7e89b",
                "sha256:98dcc2c6569a1fa0e396569a392fe62a276329278f9680bf226960025fc294f5",
                "sha256:9d299fd001d470f48321f7b172b214dd32f5dba40998d875e736c9ac6d9efe9c",
                "sha256:ab3d4082fb90efd5e400e94bc55d75f49964e1b53c9b776462f8c21c71801de3",
                "sha256:b3410aa07888fae83612cec06a1c1107fdebdeb258b0192d58f7de28095d5fca",
                "sha256:b7f346ab370ca251b52fb1a5942cfe7aeef3ef76c873c605b11e122f99b00e2c",
                "sha256:c33327743c6f7b813b3af29456da8b45c6d65f108449ff11e1f07c0ee2365641",
                "sha256:cb8d67c54065884b1f23d8c26f3323f02288e6e70ea613499cab5944dc766683",
                "sha256:ced0af498c1eab326c6409ac22e2af30e1071742eaed06082952f626eef23f0f",
                "sha256:d0bd57c6935904ffdd3ea5fdf53d7bf060157b24e1422dd190295400f0ad8612",
                "sha256:d2bb6e2725955366d460ccbbeb71106b8cae4a1034f9760b43367c736a163446",
                "sha256:d7b9a04cfae26c02920d42a73b035fdea8afcfcc55446f21debc1217b18dcb6b",
                "sha256:da49c759244a85e7ffe4ebd927d5659e13d299670a2aaabf366c2f3590a0053f",
                "sha256:ddc493b775b02b09737b1fb628a973dbe9aa91d694045a6764a8e3f5296fa1eb",
                "sha256:e599f2d18105d43146b37cc7d3a3bc8e503f6d2b09d0ebc86edaa15ae42a28a8",
                "sha256:eb2b6b645d4b43e82cb058205a8393aba2800900d525a505fec3101b56faf126",
                "sha256:f0cd53f145b7a5cbed337a0b571d962f454fe672e0b850f4206b8ea60e939bef"
            ],
            "markers": "python_version >= '2.7' and python_version not in '3.0, 3.1, 3.2, 3.3'",
            "version": "==3.4.0"
        },
        "ephem": {
            "hashes": [
                "sha256:02189a7e9eaf70aa887a1e9cd38db1297c52cd6febd7226811d01c304d563ebf",
                "sha256:0277e0022d7a9efd740e4014a66ac56fe79f35972f79d70e2d828b17cec3805f",
                "sha256:0e0c517d9e586d9cdb6bd63d3b3ca3ef1b82809fa64f70c8f659856096e0d403",
                "sha256:0fbf26f0c99d7ba100df584cd4899044e582af57bbe313aecfecefd6ab389753",
                "sha256:10f561e488787b6fc9a689f1f926f51bb225bb91af18ed0b38e1c93ffa179d2e",
                "sha256:129fda6db42abb6baf4e55e953969ad923995dcaadacfc7d652e5ad6103d7ebe",
                "sha256:13349edb5263e81a38c07157a558b712948e0456e9dd02fc33d7bb2ebdb54bdb",
                "sha256:1a99357c6e1a2394231718434ec77b0a09daaaf8308e852eb887c0f830e5eab4",
                "sha256:1e9b3b809ccf6addf01e852b1bb0a0c872b92144a38efda13caef1c3de451808",
                "sha256:1f924be0002e943e5a73b226aecdf43c94d3e557f85674c153e712b92f6df9b3",
                "sha256:20c9545f19660fcc8a6546f944304749932da354d2e5bb268df324c8051b6e9b",
                "sha256:245accecb7050f3f0e495dbd49f58b38e63d70d1af2a034ba40038daa968925f",
                "sha256:2c9763d4c108de400226697e7256e496ef37f60490591c043038b8fbce7bde94",
                "sha256:303a476a6242174231233bcfebb8c05ad46bcc07000ef90e7c84c0b5174c50d0",
                "sha256:3069578b3dfe0de4182d95ba58843f2efc26145171ca2afb233ba70a6b4b8e9d",
                "sha256:308bbf9cd4449661225ceb96b205037bdefe0c82b1579d8cacd93c4b98cfa939",
                "sha256:323649d8fd4f34036b43a332c8457a9e711c91ac708e3d5238a379a704b53ffb",
                "sha256:38a74e63cfb6fcee6b23ad183c6d02da0c0113ae7ad4f433422a15e401c3aa92",
                "sha256:3c4fd64f453e8f40cf862420a70da95a71b6487ace75e8e0cf85d73707db6065",
                "sha256:3d2e52724b315944b330e9cf5e2dd2a16d7d646a14a3f21a7368e95f6e1f30e8",
                "sha256:3dbb30fde6ab28b2455ea2bea5b52a93941c920125b5f2977f70dd9cc69f8c51",
                "sha256:3dcc4ead3446e9831c0acc8396d93ab281cfc37d68bc01413f65017750cef13a",
                "sha256:3e776b20832067257525de0bb0fdca8b6aec8c3fc9e059cff5df9160f857c9c5",
                "sha256:3f3e5ff58de24006928c7ea9ff0c70a01f510816b1d687591b0de5697ea014e5",
                "sha256:40aa89b316bd2cb6a5a1ed0f391983272626582cdf14e5c92cfe8d167b4a32c0",
                "sha256:41589191e9cea33a2c455fcd75cd8906433b88e2b0eaca0400c753272c007272",
                "sha256:45bea1bb6fb1850f2d3169e541c22fb88030976967f8c551181786f5e713100e",
                "sha256:4765768de1cb0af0e179f3860e6fa0163e8a7d23faf2fa61fe113eee3748fe02",
                "sha256:4776dcfabc2a2346770901da1bae7917deae557b0adc7c3d5e5f7c6e3e4d4c9f",
                "sha256:4b1c87517be414f67c3b35c6dbd8bd7c28d664e06d857b4a4224511bdb06ad2e",
                "sha256:4f42e6c7330b852b3cb94dedea805345d259b1bc4f3a715640a0c651c221ef47",
                "sha256:5152d5e84458a10f0dec83c6934839b5f2d4a9e642fb9f9ea53161923db58aba",
                "sha256:5371eeb1cdf51d7cddbc615ca140764117ddbf8b14b8e5c4be112761a570393d",
                "sha256:539339b435b7fb501c3ef3695e37cc39e280c7402e4ac28d829124928bb2a8ae",
                "sha256:5670edeb6a531104ae594eb48d1595ac28a57cc41603f760ab45f2618b6bf100",
                "sha256:599df915cd37dae047e4d885885afff23102d33a33f9900ae95c11195cbe83cb",
                "sha256:5c787ef694db5e56151595ec237f960836e672a8770b41f09f9c65c26133291b",
                "sha256:65c4b960b556b1db868de77ddc7ecc9a554dd103a9d59a07321ee45657c32b3f",
                "sha256:67eeb1e05390fd6ff1ed25bc60379c717ec7c2313305cf85995f469a2ee66e0c",
                "sha256:68976d765a78ff3c534e11c8b9f87e83b67cacd461e7074664fb8a0c0b9ab341",
                "sha256:6d3a4b72e8dc3fe36680c3f150f0f98c9df3a97e85df1c37781a0c475c1f667a",
                "sha256:6e29cc55b647e07f992e7f360b7b44bb6e1ec41d503eab923054e7b6f08caa1a",
                "sha256:6f72e5136105006e0eb3360a8f41c7551062d07d055fa7f48551985541b6ab74",
                "sha256:6ff641a038b883c572d6ce0f642f54c0e42d568f2827e15cb7c2f78cb8e72ec6",
                "sha256:729d9d42a9dcc7f80ab4a12f2cb40b2908c66a13708d6f0792bfebf55b62169f",
                "sha256:74673ea73bda79b81b21a9326798f6cc32d22c0845cffb05eca5dec5c50b3a89",
                "sha256:7933731d614fdb05c67a64d1e27999cd680994da3c75f1aff85a9eef11ea80d1",
                "sha256:797fb2a6ecef2866f7a2d57f897dfb9f34bea60462950b94a22935272f4d7e5c",
                "sha256:7b3ac07c8e09d185ff35d68dcbdde948fe9ffb5eb3b67661a5e237391145b0f6",
                "sha256:813b50b2cd2172f59df4f71792e0e16702581b0b13c64bd995b29f1121d604df",
                "sha256:81d20d83d5bd6ab18dcbe1b477bc3cd71c690011284d1075d08101040f2de66e",
                "sha256:94cad00341ed5367144f3dfec98b6a33f285b5eb5c35971f697f8cac14f12a00",
                "sha256:953292ca2e5610f472532597b14ff6c91086a0821cfe443580a6b4e27a4ed7a7",
                "sha256:9592cfa54519b79fc3ab25efeee1fb4330ae8ba33d6cec24ca57ccf8abcb9983",
                "sha256:97164eeeeb1da0d2ba5b72ef62e7fcde121f2b0e140774c5e5b93d902994e119",
                "sha256:98b7ac952cfcefc39883684ef4d39a5d81dfa925ea9a7c720713feb665819601",
                "sha256:99b6d7c75505f2ca3e470fea659dabe806c947f21d57093af5c97bb9310851e4",
                "sha256:9a4e8b69803bff40ba56bb60d08e3e20c23f50bf2076cc8b8df371c92ab4418c",
                "sha256:9da22f8b6fe666cc77f69ca74959463007fc0c8e913026b225658bcd91e9d358",
                "sha256:9e0ca372021345efccb91845cdfe6c6e51a44067adb8f3d2629f4ab49c2cc8b0",
                "sha256:9ebfbc111ff91d183d7c58612ad4f5f6c7d7e95d9ac7b5a5451714713b334f81",
                "sha256:9f72002f2f6dd8ad838fcbe7b4e9bdf8daadfe3e7093383336a234da458c77a5",
                "sha256:a0490e6755bde5c80787ab4937a1f1d2832ea5e6e1b624b53d5e2852b7d4c303",
                "sha256:a0ab0091cb4dbe7f9a163a11d16fae63e3d2b51c9b7f0557ce5a721c95a6b4f4",
                "sha256:a6f3354a5a2e78f435bd1a70bb2c245fef31591547ec5d3d95e85038e3ea0edd",
                "sha256:a7aa551ea1a6ae2ee58ab31571be1caf5647c31f97588ef2a09ac8e991f9c133",
                "sha256:af2a25550171fcdab9a62f1395c5e203f16796326409282d5e6e1222f4d62e0f",
                "sha256:b023c79e5d8dd17124f68fcfd8756d6ec236002545769069c12479376c721d70",
                "sha256:b39fb90633da4dfef95829f57c5eab4271e8284efdcdc0d00dfb8db9dee6ad78",
                "sha256:b535eb78c84779531868a96cc45db1b9d98fd0258bc1994dc4ae63902841d466",
                "sha256:b5ebe25f33f43cd3ae92b70a43ad558775513bddcac706474110045795b356a1",
                "sha256:b767edad8324d76f8a713a4c48d9998012706455d9f1407c4d41602ff2938fce",
                "sha256:bc9107ff5b290edc560898c0dcdf11c260547fd6fd0a1f65936954a92498eef9",
                "sha256:bd7f93743ef79a88115d5106620827a108ca2afd83baae71d056f2f90ebb4e94",
                "sha256:bd836343c6d3b0a7658a8f7d1df2937f398f4b8465a6a77b47e6fa84edd574ae",
                "sha256:c34abfcbc5d33106bbc9128299e05e20f97b81f25dbf19824cf7634d2023c4ec",
                "sha256:c7dcd7425cc82945b0d6cb31a0897aeae835d5e68082243e210b59036950b61e",
                "sha256:cbd5f01a5a6fd687ce283ccb02d30a831ef4a88e8e8e35019d436be9c58faae9",
                "sha256:cce2e0cddd3f04f0d9a5799f948cd4ad7345157819df4e7aea3d4ab24911c07b",
                "sha256:d617510363d1d80d50cc601b477e4e817b83de311fea932d85bb9d87913b577a",
                "sha256:d978cf7398ecc0a7e4b09c6539e5f066dc0c60efa3dfe53ab2d5ad88610f62fa",
                "sha256:db6ba8a8940b0d13495e020e68092323fc7ac22cff00f5398fe1c9d4445e8fc1",
                "sha256:dbad1ea774465e6cb95601dc8d8c95dd66708e08de5122f8b98e9a2e472f3b8f",
                "sha256:dc2f11f7b16901cdfcd68f3fbf83ea513f3fa1368dfb456fa8e880cc70c64bb8",
                "sha256:e0e771e10ffe1acaf32d2925287ff19c4b2ad8f411e32f874a7830d4043211e0",
                "sha256:e2f542499995177ce675cbd32349962248cb34a4eee7caba41abfcae1655941c",
                "sha256:e467a8c84295e9c3cfb5588b2d33d4649ea75c49caa0e3664dcc4f356f199704",
                "sha256:e520611383389b9da89c75ea414adeead142f3acf73d662cfa2d9c09dcce6e26",
                "sha256:e6db15e4169f8a73827ab0eb3a5722bb9679781375384cdea5809cf325e13b14",
                "sha256:e6eb387020bccd43bf69f4f62f7f9dc154ed12947f10e8ced99ce17115426884",
                "sha256:e793840ab6e899c79e09b075b1bfe21f0ff7ce9c11d9d493cee6b2c30c622008",
                "sha256:e9083fe4144478a43fbba07169957b6eb3797fd97955145dd614eaa0a934ad79",
                "sha256:ea8d23e7d452537fbbe1da12891ccaea5bf890a0ae35007d6c773842ad08ec16",
                "sha256:f04201c4ff62ad0b1ddf1a3af9bc49e652eeaff2299a3030f68af2de2e27ec02",
                "sha256:f1c232b35229130dd800c8c0dfa5d8aa6d563ced63a438d1ea0ca145e505842a",
                "sha256:f20917fc08b96735e9e244219f8b211eeaacff1082406e82bf855669a92c3233",
                "sha256:f409c4adb0160689a3297b83bfddf4893942eb8a6a6bf31f034d9ed8ebcd6112",
                "sha256:f5f7428004626a36dc76164fe3c5b12a567b198afc3327f7d6721f87b4f73792",
                "sha256:faf33b2b03e3b6cecff25b6cdb6fd3295908a8cea29b614beda5e36dc6f978a6",
                "sha256:fea3ff1fb12241f12a5d4e7f303e43ac5ab467903c98f0b90539ea9cbe0cab4d"
            ],
            "version": "==4.2"
        },
        "overrides": {
            "hashes": [
                "sha256:55158fa3d93b98cc75299b1e67078ad9003ca27945c76162c1c0766d6f91820a",
                "sha256:c7ed9d062f78b8e4c1a7b70bd8796b35ead4d9f510227ef9c5dc7626c60d7e49"
            ],
            "index": "pypi",
            "markers": "python_version >= '3.6'",
            "version": "==7.7.0"
        },
        "pillow": {
            "hashes": [
                "sha256:014ca0050c85003620526b0ac1ac53f56fc93af128f7546623cc8e31875ab928",
                "sha256:036e53f4170e270ddb8797d4c590e6dd14d28e15c7da375c18978045f7e6c37b",
                "sha256:062b7a42d672c45a70fa1f8b43d1d38ff76b63421cbbe7f88146b39e8a558d91",
                "sha256:0c3e6d0f59171dfa2e25d7116217543310908dfa2770aa64b8f87605f8cacc97",
                "sha256:0c7b29dbd4281923a2bfe562acb734cee96bbb129e96e6972d315ed9f232bef4",
                "sha256:0f5c7eda47bf8e3c8a283762cab94e496ba977a420868cb819159980b6709193",
                "sha256:127bf6ac4a5b58b3d32fc8289656f77f80567d65660bc46f72c0d77e6600cc95",
                "sha256:14e33b28bf17c7a38eede290f77db7c664e4eb01f7869e37fa98a5aa95978941",
                "sha256:14f73f7c291279bd65fda51ee87affd7c1e097709f7fdd0188957a16c264601f",
                "sha256:191955c55d8a712fab8934a42bfefbf99dd0b5875078240943f913bb66d46d9f",
                "sha256:1d535df14716e7f8776b9e7fee118576d65572b4aad3ed639be9e4fa88a1cad3",
                "sha256:208653868d5c9ecc2b327f9b9ef34e0e42a4cdd172c2988fd81d62d2bc9bc044",
                "sha256:21e1470ac9e5739ff880c211fc3af01e3ae505859392bf65458c224d0bf283eb",
                "sha256:225c832a13326e34f212d2072982bb1adb210e0cc0b153e688743018c94a2681",
                "sha256:25a5f306095c6780c52e6bbb6109624b95c5b18e40aab1c3041da3e9e0cd3e2d",
                "sha256:2728567e249cdd939f6cc3d1f049595c66e4187f3c34078cbc0a7d21c47482d2",
                "sha256:2b490402c96f907a166615e9a5afacf2519e28295f157ec3a2bb9bd57de638cb",
                "sha256:312c77b7f07ab2139924d2639860e084ec2a13e72af54d4f08ac843a5fc9c79d",
                "sha256:31df6e2d3d8fc99f993fd253e97fae451a8db2e7207acf97859732273e108406",
                "sha256:35ca289f712ccfc699508c4658a1d14652e8033e9b69839edf83cbdd0ba39e70",
                "sha256:3692b68c87096ac6308296d96354eddd25f98740c9d2ab54e1549d6c8aea9d79",
                "sha256:36d6b82164c39ce5482f649b437382c0fb2395eabc1e2b1702a6deb8ad647d6e",
                "sha256:39ad2e0f424394e3aebc40168845fee52df1394a4673a6ee512d840d14ab3013",
                "sha256:3e645b020f3209a0181a418bffe7b4a93171eef6c4ef6cc20980b30bebf17b7d",
                "sha256:3fe735ced9a607fee4f481423a9c36701a39719252a9bb251679635f99d0f7d2",
                "sha256:4b835d89c08a6c2ee7781b8dd0a30209a8012b5f09c0a665b65b0eb3560b6f36",
                "sha256:4d375eb838755f2528ac8cbc926c3e31cc49ca4ad0cf79cff48b20e30634a4a7",
                "sha256:4eb92eca2711ef8be42fd3f67533765d9fd043b8c80db204f16c8ea62ee1a751",
                "sha256:5119225c622403afb4b44bad4c1ca6c1f98eed79db8d3bc6e4e160fc6339d66c",
                "sha256:562d11134c97a62fe3af29581f083033179f7ff435f78392565a1ad2d1c2c45c",
                "sha256:598174aef4589af795f66f9caab87ba4ff860ce08cd5bb447c6fc553ffee603c",
                "sha256:63b5dff3a68f371ea06025a1a6966c9a1e1ee452fc8020c2cd0ea41b83e9037b",
                "sha256:6ebce70c3f486acf7591a3d73431fa504a4e18a9b97ff27f5f47b7368e4b9dd1",
                "sha256:738db0e0941ca0376804d4de6a782c005245264edaa253ffce24e5a15cbdc7bd",
                "sha256:7491cf8a79b8eb867d419648fff2f83cb0b3891c8b36da92cc7f1931d46108c8",
                "sha256:74ee3d7ecb3f3c05459ba95eed5efa28d6092d751ce9bf20e3e253a4e497e691",
                "sha256:750f96efe0597382660d8b53e90dd1dd44568a8edb51cb7f9d5d918b80d4de14",
                "sha256:78092232a4ab376a35d68c4e6d5e00dfd73454bd12b230420025fbe178ee3b0b",
                "sha256:78afba22027b4accef10dbd5eed84425930ba41b3ea0a86fa8d20baaf19d807f",
                "sha256:7bdb5e09068332578214cadd9c05e3d64d99e0e87591be22a324bdbc18925be0",
                "sha256:80f1df8dbe9572b4b7abdfa17eb5d78dd620b1d55d9e25f834efdbee872d3aed",
                "sha256:85d27ea4c889342f7e35f6d56e7e1cb345632ad592e8c51b693d7b7556043ce0",
                "sha256:8b02d8f9cb83c52578a0b4beadba92e37d83a4ef11570a8688bbf43f4ca50909",
                "sha256:8ce2e8411c7aaef53e6bb29fe98f28cd4fbd9a1d9be2eeea434331aac0536b22",
                "sha256:8f4f3724c068be008c08257207210c138d5f3731af6c155a81c2b09a9eb3a788",
                "sha256:9622e3b6c1d8b551b6e6f21873bdcc55762b4b2126633014cea1803368a9aa16",
                "sha256:9b7b0d4fd2635f54ad82785d56bc0d94f147096493a79985d0ab57aedd563156",
                "sha256:9bc7ae48b8057a611e5fe9f853baa88093b9a76303937449397899385da06fad",
                "sha256:9db98ab6565c69082ec9b0d4e40dd9f6181dab0dd236d26f7a50b8b9bfbd5076",
                "sha256:9ee66787e095127116d91dea2143db65c7bb1e232f617aa5957c0d9d2a3f23a7",
                "sha256:a0a6709b47019dff32e678bc12c63008311b82b9327613f534e496dacaefb71e",
                "sha256:a64dd61998416367b7ef979b73d3a85853ba9bec4c2925f74e588879a58716b6",
                "sha256:aa442755e31c64037aa7c1cb186e0b369f8416c567381852c63444dd666fb772",
                "sha256:ad275964d52e2243430472fc5d2c2334b4fc3ff9c16cb0a19254e25efa03a155",
                "sha256:b0e130705d568e2f43a17bcbe74d90958e8a16263868a12c3e0d9c8162690830",
                "sha256:b10428b3416d4f9c61f94b494681280be7686bda15898a3a9e08eb66a6d92d67",
                "sha256:b2dbea1012ccb784a65349f57bbc93730b96e85b42e9bf7b01ef40443db720b4",
                "sha256:b4ba4be812c7a40280629e55ae0b14a0aafa150dd6451297562e1764808bbe61",
                "sha256:b93a07e76d13bff9444f1a029e0af2964e654bfc2e2c2d46bfd080df5ad5f3d8",
                "sha256:bf2c33d6791c598142f00c9c4c7d47f6476731c31081331664eb26d6ab583e01",
                "sha256:c27476257b2fdcd7872d54cfd119b3a9ce4610fb85c8e32b70b42e3680a29a1e",
                "sha256:c8bd62331e5032bc396a93609982a9ab6b411c05078a52f5fe3cc59234a3abd1",
                "sha256:c97209e85b5be259994eb5b69ff50c5d20cca0f458ef9abd835e262d9d88b39d",
                "sha256:cc1c3bc53befb6096b84165956e886b1729634a799e9d6329a0c512ab651e579",
                "sha256:cc5d875d56e49f112b6def6813c4e3d3036d269c008bf8aef72cd08d20ca6df6",
                "sha256:d189ba1bebfbc0c0e529159631ec72bb9e9bc041f01ec6d3233d6d82eb823bc1",
                "sha256:d4e5c5edee874dce4f653dbe59db7c73a600119fbea8d31f53423586ee2aafd7",
                "sha256:d57a75d53922fc20c165016a20d9c44f73305e67c351bbc60d1adaf662e74047",
                "sha256:da3104c57bbd72948d75f6a9389e6727d2ab6333c3617f0a89d72d4940aa0443",
                "sha256:dd6b20b93b3ccc9c1b597999209e4bc5cf2853f9ee66e3fc9a400a78733ffc9a",
                "sha256:e0409af9f829f87a2dfb7e259f78f317a5351f2045158be321fd135973fff7bf",
                "sha256:e0b55f27f584ed623221cfe995c912c61606be8513bfa0e07d2c674b4516d9dd",
                "sha256:e616e7154c37669fc1dfc14584f11e284e05d1c650e1c0f972f281c4ccc53193",
                "sha256:e6def7eed9e7fa90fde255afaf08060dc4b343bbe524a8f69bdd2a2f0018f600",
                "sha256:ea926cfbc3957090becbcbbb65ad177161a2ff2ad578b5a6ec9bb1e1cd78753c",
                "sha256:f0d3348c95b766f54b76116d53d4cb171b52992a1027e7ca50c81b43b9d9e363",
                "sha256:f6b0c664ccb879109ee3ca702a9272d877f4fcd21e5eb63c26422fd6e415365e",
                "sha256:f781dcb0bc9929adc77bad571b8621ecb1e4cdef86e940fe2e5b5ee24fd33b35",
                "sha256:f91ebf30830a48c825590aede79376cb40f110b387c17ee9bd59932c961044f9",
                "sha256:fdec757fea0b793056419bca3e9932eb2b0ceec90ef4813ea4c1e072c389eb28",
                "sha256:fe15238d3798788d00716637b3d4e7bb6bde18b26e5d08335a96e88564a36b6b"
            ],
            "markers": "python_version >= '3.9'",
            "version": "==11.2.1"
        },
        "pymysql": {
            "hashes": [
                "sha256:4de15da4c61dc132f4fb9ab763063e693d521a80fd0e87943b9a453dd4c19d6c",
                "sha256:e127611aaf2b417403c60bf4dc570124aeb4a57f5f37b8e95ae399a42f904cd0"
            ],
            "markers": "python_version >= '3.7'",
            "version": "==1.1.1"
        },
        "pyserial": {
            "hashes": [
                "sha256:3c77e014170dfffbd816e6ffc205e9842efb10be9f58ec16d3e8675b4925cddb",
                "sha256:c4451db6ba391ca6ca299fb3ec7bae67a5c55dde170964c7a14ceefec02f2cf0"
            ],
            "version": "==3.5"
        },
        "pyusb": {
            "hashes": [
                "sha256:3af070b607467c1c164f49d5b0caabe8ac78dbed9298d703a8dbf9df4052d17e",
                "sha256:bf9b754557af4717fe80c2b07cc2b923a9151f5c08d17bdb5345dac09d6a0430"
            ],
            "markers": "python_full_version >= '3.9.0'",
            "version": "==1.3.1"
        },
        "weewx": {
            "hashes": [
                "sha256:13817ba9874c5c60a656a8e28cd1fbcd40b2a31eed262557bc58fc71f6bf15ef",
                "sha256:7ad68e552cf9c6cc176cd07600637cc2c73794906e9cb0af55b9c4c63197ead1"
            ],
            "index": "pypi",
            "markers": "python_version >= '3.6' and python_version < '4.0'",
            "version": "==5.1.0"
        }
    }
}
